
Microsoft Visual Studio Solution File, Format Version 12.00
# Visual Studio Version 17
VisualStudioVersion = 17.7.34018.315
MinimumVisualStudioVersion = 10.0.40219.1
Project("{FAE04EC0-301F-11D3-BF4B-00C04F79EFBC}") = "U4-W1-D1", "U4-W1-D1\U4-W1-D1.csproj", "{1C2D54EE-A9A7-4633-8CDB-E811BE121D22}"
EndProject
Global
	GlobalSection(SolutionConfigurationPlatforms) = preSolution
		Debug|Any CPU = Debug|Any CPU
		Release|Any CPU = Release|Any CPU
	EndGlobalSection
	GlobalSection(ProjectConfigurationPlatforms) = postSolution
		{1C2D54EE-A9A7-4633-8CDB-E811BE121D22}.Debug|Any CPU.ActiveCfg = Debug|Any CPU
		{1C2D54EE-A9A7-4633-8CDB-E811BE121D22}.Debug|Any CPU.Build.0 = Debug|Any CPU
		{1C2D54EE-A9A7-4633-8CDB-E811BE121D22}.Release|Any CPU.ActiveCfg = Release|Any CPU
		{1C2D54EE-A9A7-4633-8CDB-E811BE121D22}.Release|Any CPU.Build.0 = Release|Any CPU
	EndGlobalSection
	GlobalSection(SolutionProperties) = preSolution
		HideSolutionNode = FALSE
	EndGlobalSection
	GlobalSection(ExtensibilityGlobals) = postSolution
		SolutionGuid = {C0FE11F2-0F0E-4B86-9634-11FC8659691A}
	EndGlobalSection
EndGlobal
